
Microsoft Visual Studio Solution File, Format Version 12.00
# Visual Studio Version 16
VisualStudioVersion = 16.0.30128.36
MinimumVisualStudioVersion = 10.0.40219.1
Project("{9A19103F-16F7-4668-BE54-9A1E7A4F7556}") = "WebApiClient.Extensions.Consul", "WebApiClient.Extensions.Consul\WebApiClient.Extensions.Consul.csproj", "{676BC258-5108-4F1E-87E2-A11F0AB9E3B2}"
EndProject
Project("{FAE04EC0-301F-11D3-BF4B-00C04F79EFBC}") = "WebApiClient.Extensions.Consul.Demo", "WebApiClient.Extensions.Consul.Demo\WebApiClient.Extensions.Consul.Demo.csproj", "{A2EAC3BD-9471-4C2D-A4C1-16AC1B51310E}"
EndProject
Global
	GlobalSection(SolutionConfigurationPlatforms) = preSolution
		Debug|Any CPU = Debug|Any CPU
		Release|Any CPU = Release|Any CPU
	EndGlobalSection
	GlobalSection(ProjectConfigurationPlatforms) = postSolution
		{676BC258-5108-4F1E-87E2-A11F0AB9E3B2}.Debug|Any CPU.ActiveCfg = Debug|Any CPU
		{676BC258-5108-4F1E-87E2-A11F0AB9E3B2}.Debug|Any CPU.Build.0 = Debug|Any CPU
		{676BC258-5108-4F1E-87E2-A11F0AB9E3B2}.Release|Any CPU.ActiveCfg = Release|Any CPU
		{676BC258-5108-4F1E-87E2-A11F0AB9E3B2}.Release|Any CPU.Build.0 = Release|Any CPU
		{A2EAC3BD-9471-4C2D-A4C1-16AC1B51310E}.Debug|Any CPU.ActiveCfg = Debug|Any CPU
		{A2EAC3BD-9471-4C2D-A4C1-16AC1B51310E}.Debug|Any CPU.Build.0 = Debug|Any CPU
		{A2EAC3BD-9471-4C2D-A4C1-16AC1B51310E}.Release|Any CPU.ActiveCfg = Release|Any CPU
		{A2EAC3BD-9471-4C2D-A4C1-16AC1B51310E}.Release|Any CPU.Build.0 = Release|Any CPU
	EndGlobalSection
	GlobalSection(SolutionProperties) = preSolution
		HideSolutionNode = FALSE
	EndGlobalSection
	GlobalSection(ExtensibilityGlobals) = postSolution
		SolutionGuid = {1C493255-F2A8-4B66-9836-B271E8F5D125}
	EndGlobalSection
EndGlobal
